
Microsoft Visual Studio Solution File, Format Version 12.00
# Visual Studio 15
VisualStudioVersion = 15.0.28010.2003
MinimumVisualStudioVersion = 10.0.40219.1
Project("{FAE04EC0-301F-11D3-BF4B-00C04F79EFBC}") = "SimplyAnIcon.Core", "SimplyAnIcon.Core\SimplyAnIcon.Core.csproj", "{5D7E64A2-8F98-4229-AD1F-B6D6DA9ECBB4}"
EndProject
Project("{2150E333-8FDC-42A3-9474-1A3956D46DE8}") = "Solution Items", "Solution Items", "{B584AB92-EE40-4E83-ABEC-B8DD6F47796D}"
	ProjectSection(SolutionItems) = preProject
		.gitignore = .gitignore
		Core.nuspec = Core.nuspec
		LICENSE = LICENSE
		README.md = README.md
	EndProjectSection
EndProject
Global
	GlobalSection(SolutionConfigurationPlatforms) = preSolution
		Debug|Any CPU = Debug|Any CPU
		Release|Any CPU = Release|Any CPU
	EndGlobalSection
	GlobalSection(ProjectConfigurationPlatforms) = postSolution
		{5D7E64A2-8F98-4229-AD1F-B6D6DA9ECBB4}.Debug|Any CPU.ActiveCfg = Debug|Any CPU
		{5D7E64A2-8F98-4229-AD1F-B6D6DA9ECBB4}.Debug|Any CPU.Build.0 = Debug|Any CPU
		{5D7E64A2-8F98-4229-AD1F-B6D6DA9ECBB4}.Release|Any CPU.ActiveCfg = Release|Any CPU
		{5D7E64A2-8F98-4229-AD1F-B6D6DA9ECBB4}.Release|Any CPU.Build.0 = Release|Any CPU
	EndGlobalSection
	GlobalSection(SolutionProperties) = preSolution
		HideSolutionNode = FALSE
	EndGlobalSection
	GlobalSection(ExtensibilityGlobals) = postSolution
		SolutionGuid = {CAA9D148-EC3B-4568-8715-94C7BB53B6E9}
	EndGlobalSection
EndGlobal
